{
    "_readme": [
        "This file locks the dependencies of your project to a known state",
        "Read more about it at https://getcomposer.org/doc/01-basic-usage.md#composer-lock-the-lock-file",
        "This file is @generated automatically"
    ],
    "hash": "8da2fa9411bc42fed1d30c1b9196c929",
    "content-hash": "be89c57336b22d8455fd7764ff048c1a",
    "packages": [
        {
            "name": "illuminate/container",
            "version": "v5.2.28",
            "source": {
                "type": "git",
                "url": "https://github.com/illuminate/container.git",
                "reference": "1e156f8017490f5583ab161030bf839c77c95e54"
            },
            "dist": {
                "type": "zip",
                "url": "https://api.github.com/repos/illuminate/container/zipball/1e156f8017490f5583ab161030bf839c77c95e54",
                "reference": "1e156f8017490f5583ab161030bf839c77c95e54",
                "shasum": ""
            },
            "require": {
                "illuminate/contracts": "5.2.*",
                "php": ">=5.5.9"
            },
            "type": "library",
            "extra": {
                "branch-alias": {
                    "dev-master": "5.2-dev"
                }
            },
            "autoload": {
                "psr-4": {
                    "Illuminate\\Container\\": ""
                }
            },
            "notification-url": "https://packagist.org/downloads/",
            "license": [
                "MIT"
            ],
            "authors": [
                {
                    "name": "Taylor Otwell",
                    "email": "taylorotwell@gmail.com"
                }
            ],
            "description": "The Illuminate Container package.",
            "homepage": "http://laravel.com",
            "time": "2016-03-16 17:19:17"
        },
        {
            "name": "illuminate/contracts",
            "version": "v5.2.28",
            "source": {
                "type": "git",
                "url": "https://github.com/illuminate/contracts.git",
                "reference": "411b851962c211078ade7664a6976e77a78cd2a5"
            },
            "dist": {
                "type": "zip",
                "url": "https://api.github.com/repos/illuminate/contracts/zipball/411b851962c211078ade7664a6976e77a78cd2a5",
                "reference": "411b851962c211078ade7664a6976e77a78cd2a5",
                "shasum": ""
            },
            "require": {
                "php": ">=5.5.9"
            },
            "type": "library",
            "extra": {
                "branch-alias": {
                    "dev-master": "5.2-dev"
                }
            },
            "autoload": {
                "psr-4": {
                    "Illuminate\\Contracts\\": ""
                }
            },
            "notification-url": "https://packagist.org/downloads/",
            "license": [
                "MIT"
            ],
            "authors": [
                {
                    "name": "Taylor Otwell",
                    "email": "taylorotwell@gmail.com"
                }
            ],
            "description": "The Illuminate Contracts package.",
            "homepage": "http://laravel.com",
            "time": "2016-03-07 20:37:17"
        },
        {
            "name": "soki/tinyphp",
            "version": "0.1.0.x-dev",
            "source": {
                "type": "git",
                "url": "https://github.com/soki/tinyphp.git",
                "reference": "ed490178753cbd1dd2800ebd243096e0e91ceb72"
            },
            "dist": {
                "type": "zip",
                "url": "https://api.github.com/repos/soki/tinyphp/zipball/ed490178753cbd1dd2800ebd243096e0e91ceb72",
                "reference": "ed490178753cbd1dd2800ebd243096e0e91ceb72",
                "shasum": ""
            },
            "require": {
                "illuminate/container": "5.2.*",
                "php": ">=5.5.9"
            },
            "type": "library",
            "autoload": {
                "psr-4": {
                    "TinyPHP\\": "src/tinyphp"
                },
                "files": [
                    "src/helpers.php"
                ]
            },
            "notification-url": "https://packagist.org/downloads/",
            "license": [
                "MIT"
            ],
            "description": "The PHP Framework",
            "time": "2016-04-16 08:55:26"
        }
    ],
    "packages-dev": [],
    "aliases": [],
    "minimum-stability": "stable",
    "stability-flags": {
        "soki/tinyphp": 20
    },
    "prefer-stable": false,
    "prefer-lowest": false,
    "platform": {
        "php": ">=7.0.5"
    },
    "platform-dev": []
}
